
Microsoft Visual Studio Solution File, Format Version 11.00
# Visual Studio 2010
Project("{8BC9CEB8-8B4A-11D0-8D11-00A0C91BC942}") = "compact_AES_CMAC", "compact_AES_CMAC\compact_AES_CMAC.vcxproj", "{1AB7167A-BB4D-4683-93FC-C57B1CA3F114}"
EndProject
Global
	GlobalSection(SolutionConfigurationPlatforms) = preSolution
		Debug|Win32 = Debug|Win32
		Release|Win32 = Release|Win32
	EndGlobalSection
	GlobalSection(ProjectConfigurationPlatforms) = postSolution
		{1AB7167A-BB4D-4683-93FC-C57B1CA3F114}.Debug|Win32.ActiveCfg = Debug|Win32
		{1AB7167A-BB4D-4683-93FC-C57B1CA3F114}.Debug|Win32.Build.0 = Debug|Win32
		{1AB7167A-BB4D-4683-93FC-C57B1CA3F114}.Release|Win32.ActiveCfg = Release|Win32
		{1AB7167A-BB4D-4683-93FC-C57B1CA3F114}.Release|Win32.Build.0 = Release|Win32
	EndGlobalSection
	GlobalSection(SolutionProperties) = preSolution
		HideSolutionNode = FALSE
	EndGlobalSection
EndGlobal
